
Microsoft Visual Studio Solution File, Format Version 12.00
# Visual Studio Version 17
VisualStudioVersion = 17.13.35828.75 d17.13
MinimumVisualStudioVersion = 10.0.40219.1
Project("{FAE04EC0-301F-11D3-BF4B-00C04F79EFBC}") = "WPFLearningApp", "WPFLearningApp\WPFLearningApp.csproj", "{CE5132CA-4065-4906-A86A-64A2F15EFF13}"
EndProject
Global
	GlobalSection(SolutionConfigurationPlatforms) = preSolution
		Debug|Any CPU = Debug|Any CPU
		Release|Any CPU = Release|Any CPU
	EndGlobalSection
	GlobalSection(ProjectConfigurationPlatforms) = postSolution
		{CE5132CA-4065-4906-A86A-64A2F15EFF13}.Debug|Any CPU.ActiveCfg = Debug|Any CPU
		{CE5132CA-4065-4906-A86A-64A2F15EFF13}.Debug|Any CPU.Build.0 = Debug|Any CPU
		{CE5132CA-4065-4906-A86A-64A2F15EFF13}.Release|Any CPU.ActiveCfg = Release|Any CPU
		{CE5132CA-4065-4906-A86A-64A2F15EFF13}.Release|Any CPU.Build.0 = Release|Any CPU
	EndGlobalSection
	GlobalSection(SolutionProperties) = preSolution
		HideSolutionNode = FALSE
	EndGlobalSection
	GlobalSection(ExtensibilityGlobals) = postSolution
		SolutionGuid = {E7AEF37C-C513-48D7-858A-2915A9BE7BC0}
	EndGlobalSection
EndGlobal
